
Microsoft Visual Studio Solution File, Format Version 10.00
# Visual Studio 2008
Project("{FAE04EC0-301F-11D3-BF4B-00C04F79EFBC}") = "RTSDotNETClient.TestClient", "RTSDotNETClient.TestClient\RTSDotNETClient.TestClient.csproj", "{0E2933ED-7846-4037-BD12-922B9DDB2AFA}"
EndProject
Project("{FAE04EC0-301F-11D3-BF4B-00C04F79EFBC}") = "RTSDotNETClient", "RTSDotNETClient\RTSDotNETClient.csproj", "{66F35255-B409-461B-BEA4-892D404E88A7}"
EndProject
Project("{2150E333-8FDC-42A3-9474-1A3956D46DE8}") = "Help", "Help", "{6B3B8D3C-9FB9-40BF-8B8F-830267C7EA5B}"
	ProjectSection(SolutionItems) = preProject
		Help\Documentation.shfbproj = Help\Documentation.shfbproj
	EndProjectSection
EndProject
Global
	GlobalSection(SolutionConfigurationPlatforms) = preSolution
		Debug|Any CPU = Debug|Any CPU
		Release|Any CPU = Release|Any CPU
	EndGlobalSection
	GlobalSection(ProjectConfigurationPlatforms) = postSolution
		{0E2933ED-7846-4037-BD12-922B9DDB2AFA}.Debug|Any CPU.ActiveCfg = Debug|Any CPU
		{0E2933ED-7846-4037-BD12-922B9DDB2AFA}.Debug|Any CPU.Build.0 = Debug|Any CPU
		{0E2933ED-7846-4037-BD12-922B9DDB2AFA}.Release|Any CPU.ActiveCfg = Release|Any CPU
		{0E2933ED-7846-4037-BD12-922B9DDB2AFA}.Release|Any CPU.Build.0 = Release|Any CPU
		{66F35255-B409-461B-BEA4-892D404E88A7}.Debug|Any CPU.ActiveCfg = Debug|Any CPU
		{66F35255-B409-461B-BEA4-892D404E88A7}.Debug|Any CPU.Build.0 = Debug|Any CPU
		{66F35255-B409-461B-BEA4-892D404E88A7}.Release|Any CPU.ActiveCfg = Release|Any CPU
		{66F35255-B409-461B-BEA4-892D404E88A7}.Release|Any CPU.Build.0 = Release|Any CPU
	EndGlobalSection
	GlobalSection(SolutionProperties) = preSolution
		HideSolutionNode = FALSE
	EndGlobalSection
EndGlobal
