
Microsoft Visual Studio Solution File, Format Version 12.00
# Visual Studio 14
VisualStudioVersion = 14.0.25420.1
MinimumVisualStudioVersion = 10.0.40219.1
Project("{FAE04EC0-301F-11D3-BF4B-00C04F79EFBC}") = "B2G", "B2G\B2G.csproj", "{40632492-FB68-4C8A-89B2-8CB0D863F710}"
EndProject
Project("{FAE04EC0-301F-11D3-BF4B-00C04F79EFBC}") = "B2GTester", "B2GTester\B2GTester.csproj", "{D5638378-88B7-4578-B7D3-D37C817CFF21}"
	ProjectSection(ProjectDependencies) = postProject
		{40632492-FB68-4C8A-89B2-8CB0D863F710} = {40632492-FB68-4C8A-89B2-8CB0D863F710}
	EndProjectSection
EndProject
Project("{FAE04EC0-301F-11D3-BF4B-00C04F79EFBC}") = "IRU.Encryption", "IRU.Encryption\IRU.Encryption.csproj", "{7CFB4BC6-1A33-4402-BB91-736ED1E13ACB}"
EndProject
Project("{FAE04EC0-301F-11D3-BF4B-00C04F79EFBC}") = "G2BTester", "G2BTester\G2BTester.csproj", "{F21B6366-CC55-44F9-9A22-6F45CD1DD432}"
EndProject
Project("{FAE04EC0-301F-11D3-BF4B-00C04F79EFBC}") = "TIREPD.Messages", "TIREPD.Messages\TIREPD.Messages.csproj", "{ECEF6AD4-8816-4E80-BAEE-30841EF45460}"
EndProject
Global
	GlobalSection(SolutionConfigurationPlatforms) = preSolution
		Debug|Any CPU = Debug|Any CPU
		Release|Any CPU = Release|Any CPU
	EndGlobalSection
	GlobalSection(ProjectConfigurationPlatforms) = postSolution
		{40632492-FB68-4C8A-89B2-8CB0D863F710}.Debug|Any CPU.ActiveCfg = Debug|Any CPU
		{40632492-FB68-4C8A-89B2-8CB0D863F710}.Debug|Any CPU.Build.0 = Debug|Any CPU
		{40632492-FB68-4C8A-89B2-8CB0D863F710}.Release|Any CPU.ActiveCfg = Release|Any CPU
		{40632492-FB68-4C8A-89B2-8CB0D863F710}.Release|Any CPU.Build.0 = Release|Any CPU
		{D5638378-88B7-4578-B7D3-D37C817CFF21}.Debug|Any CPU.ActiveCfg = Debug|Any CPU
		{D5638378-88B7-4578-B7D3-D37C817CFF21}.Debug|Any CPU.Build.0 = Debug|Any CPU
		{D5638378-88B7-4578-B7D3-D37C817CFF21}.Release|Any CPU.ActiveCfg = Release|Any CPU
		{D5638378-88B7-4578-B7D3-D37C817CFF21}.Release|Any CPU.Build.0 = Release|Any CPU
		{7CFB4BC6-1A33-4402-BB91-736ED1E13ACB}.Debug|Any CPU.ActiveCfg = Debug|Any CPU
		{7CFB4BC6-1A33-4402-BB91-736ED1E13ACB}.Debug|Any CPU.Build.0 = Debug|Any CPU
		{7CFB4BC6-1A33-4402-BB91-736ED1E13ACB}.Release|Any CPU.ActiveCfg = Release|Any CPU
		{7CFB4BC6-1A33-4402-BB91-736ED1E13ACB}.Release|Any CPU.Build.0 = Release|Any CPU
		{F21B6366-CC55-44F9-9A22-6F45CD1DD432}.Debug|Any CPU.ActiveCfg = Debug|Any CPU
		{F21B6366-CC55-44F9-9A22-6F45CD1DD432}.Debug|Any CPU.Build.0 = Debug|Any CPU
		{F21B6366-CC55-44F9-9A22-6F45CD1DD432}.Release|Any CPU.ActiveCfg = Release|Any CPU
		{F21B6366-CC55-44F9-9A22-6F45CD1DD432}.Release|Any CPU.Build.0 = Release|Any CPU
		{ECEF6AD4-8816-4E80-BAEE-30841EF45460}.Debug|Any CPU.ActiveCfg = Debug|Any CPU
		{ECEF6AD4-8816-4E80-BAEE-30841EF45460}.Debug|Any CPU.Build.0 = Debug|Any CPU
		{ECEF6AD4-8816-4E80-BAEE-30841EF45460}.Release|Any CPU.ActiveCfg = Release|Any CPU
		{ECEF6AD4-8816-4E80-BAEE-30841EF45460}.Release|Any CPU.Build.0 = Release|Any CPU
	EndGlobalSection
	GlobalSection(SolutionProperties) = preSolution
		HideSolutionNode = FALSE
	EndGlobalSection
EndGlobal
